// !$*UTF8*$!
{
	archiveVersion = 1;
	classes = {
	};
	objectVersion = 46;
	objects = {

/* Begin PBXBuildFile section */
		AD6EC6301BA7065400C9FF5A /* ScanViewController.m in Sources */ = {isa = PBXBuildFile; fileRef = AD6EC62F1BA7065400C9FF5A /* ScanViewController.m */; };
		AD6EC6321BA707BB00C9FF5A /* pick_bg@2x.png in Resources */ = {isa = PBXBuildFile; fileRef = AD6EC6311BA707BB00C9FF5A /* pick_bg@2x.png */; };
		AD6EC6341BA707C000C9FF5A /* line@2x.png in Resources */ = {isa = PBXBuildFile; fileRef = AD6EC6331BA707C000C9FF5A /* line@2x.png */; };
		ADAEC66F1B8404DA00C55256 /* main.m in Sources */ = {isa = PBXBuildFile; fileRef = ADAEC66E1B8404DA00C55256 /* main.m */; };
		ADAEC6721B8404DA00C55256 /* AppDelegate.m in Sources */ = {isa = PBXBuildFile; fileRef = ADAEC6711B8404DA00C55256 /* AppDelegate.m */; };
		ADAEC6751B8404DA00C55256 /* ViewController.m in Sources */ = {isa = PBXBuildFile; fileRef = ADAEC6741B8404DA00C55256 /* ViewController.m */; };
		ADAEC6781B8404DA00C55256 /* Main.storyboard in Resources */ = {isa = PBXBuildFile; fileRef = ADAEC6761B8404DA00C55256 /* Main.storyboard */; };
		ADAEC67A1B8404DA00C55256 /* Images.xcassets in Resources */ = {isa = PBXBuildFile; fileRef = ADAEC6791B8404DA00C55256 /* Images.xcassets */; };
		ADAEC67D1B8404DA00C55256 /* LaunchScreen.xib in Resources */ = {isa = PBXBuildFile; fileRef = ADAEC67B1B8404DA00C55256 /* LaunchScreen.xib */; };
		ADAEC6891B8404DC00C55256 /* LabLibraryTests.m in Sources */ = {isa = PBXBuildFile; fileRef = ADAEC6881B8404DC00C55256 /* LabLibraryTests.m */; };
		ADAEC6931B84055600C55256 /* Books.plist in Resources */ = {isa = PBXBuildFile; fileRef = ADAEC6921B84055600C55256 /* Books.plist */; };
		ADCED4BB1B8460D600AC6389 /* DetailViewController.m in Sources */ = {isa = PBXBuildFile; fileRef = ADCED4BA1B8460D600AC6389 /* DetailViewController.m */; };
		B85980E61CCA6A4500269FB3 /* book_front_cover.png in Resources */ = {isa = PBXBuildFile; fileRef = B85980E51CCA6A4500269FB3 /* book_front_cover.png */; };
		B85981081CCA73E400269FB3 /* icon.png in Resources */ = {isa = PBXBuildFile; fileRef = B85981071CCA73E400269FB3 /* icon.png */; };
/* End PBXBuildFile section */

/* Begin PBXContainerItemProxy section */
		ADAEC6831B8404DA00C55256 /* PBXContainerItemProxy */ = {
			isa = PBXContainerItemProxy;
			containerPortal = ADAEC6611B8404DA00C55256 /* Project object */;
			proxyType = 1;
			remoteGlobalIDString = ADAEC6681B8404DA00C55256;
			remoteInfo = LabLibrary;
		};
/* End PBXContainerItemProxy section */

/* Begin PBXFileReference section */
		AD6EC62E1BA7065400C9FF5A /* ScanViewController.h */ = {isa = PBXFileReference; fileEncoding = 4; lastKnownFileType = sourcecode.c.h; path = ScanViewController.h; sourceTree = "<group>"; };
		AD6EC62F1BA7065400C9FF5A /* ScanViewController.m */ = {isa = PBXFileReference; fileEncoding = 4; lastKnownFileType = sourcecode.c.objc; path = ScanViewController.m; sourceTree = "<group>"; };
		AD6EC6311BA707BB00C9FF5A /* pick_bg@2x.png */ = {isa = PBXFileReference; lastKnownFileType = image.png; path = "pick_bg@2x.png"; sourceTree = "<group>"; };
		AD6EC6331BA707C000C9FF5A /* line@2x.png */ = {isa = PBXFileReference; lastKnownFileType = image.png; path = "line@2x.png"; sourceTree = "<group>"; };
		ADAEC6691B8404DA00C55256 /* Cloudox.app */ = {isa = PBXFileReference; explicitFileType = wrapper.application; includeInIndex = 0; path = Cloudox.app; sourceTree = BUILT_PRODUCTS_DIR; };
		ADAEC66D1B8404DA00C55256 /* Info.plist */ = {isa = PBXFileReference; lastKnownFileType = text.plist.xml; path = Info.plist; sourceTree = "<group>"; };
		ADAEC66E1B8404DA00C55256 /* main.m */ = {isa = PBXFileReference; lastKnownFileType = sourcecode.c.objc; path = main.m; sourceTree = "<group>"; };
		ADAEC6701B8404DA00C55256 /* AppDelegate.h */ = {isa = PBXFileReference; lastKnownFileType = sourcecode.c.h; path = AppDelegate.h; sourceTree = "<group>"; };
		ADAEC6711B8404DA00C55256 /* AppDelegate.m */ = {isa = PBXFileReference; lastKnownFileType = sourcecode.c.objc; path = AppDelegate.m; sourceTree = "<group>"; };
		ADAEC6731B8404DA00C55256 /* ViewController.h */ = {isa = PBXFileReference; lastKnownFileType = sourcecode.c.h; path = ViewController.h; sourceTree = "<group>"; };
		ADAEC6741B8404DA00C55256 /* ViewController.m */ = {isa = PBXFileReference; lastKnownFileType = sourcecode.c.objc; path = ViewController.m; sourceTree = "<group>"; };
		ADAEC6771B8404DA00C55256 /* Base */ = {isa = PBXFileReference; lastKnownFileType = file.storyboard; name = Base; path = Base.lproj/Main.storyboard; sourceTree = "<group>"; };
		ADAEC6791B8404DA00C55256 /* Images.xcassets */ = {isa = PBXFileReference; lastKnownFileType = folder.assetcatalog; path = Images.xcassets; sourceTree = "<group>"; };
		ADAEC67C1B8404DA00C55256 /* Base */ = {isa = PBXFileReference; lastKnownFileType = file.xib; name = Base; path = Base.lproj/LaunchScreen.xib; sourceTree = "<group>"; };
		ADAEC6821B8404DA00C55256 /* LabLibraryTests.xctest */ = {isa = PBXFileReference; explicitFileType = wrapper.cfbundle; includeInIndex = 0; path = LabLibraryTests.xctest; sourceTree = BUILT_PRODUCTS_DIR; };
		ADAEC6871B8404DC00C55256 /* Info.plist */ = {isa = PBXFileReference; lastKnownFileType = text.plist.xml; path = Info.plist; sourceTree = "<group>"; };
		ADAEC6881B8404DC00C55256 /* LabLibraryTests.m */ = {isa = PBXFileReference; lastKnownFileType = sourcecode.c.objc; path = LabLibraryTests.m; sourceTree = "<group>"; };
		ADAEC6921B84055600C55256 /* Books.plist */ = {isa = PBXFileReference; fileEncoding = 4; lastKnownFileType = text.plist.xml; path = Books.plist; sourceTree = "<group>"; };
		ADCED4B91B8460D600AC6389 /* DetailViewController.h */ = {isa = PBXFileReference; fileEncoding = 4; lastKnownFileType = sourcecode.c.h; path = DetailViewController.h; sourceTree = "<group>"; };
		ADCED4BA1B8460D600AC6389 /* DetailViewController.m */ = {isa = PBXFileReference; fileEncoding = 4; lastKnownFileType = sourcecode.c.objc; path = DetailViewController.m; sourceTree = "<group>"; };
		B85980E41CCA65F600269FB3 /* Library-Prefix.pch */ = {isa = PBXFileReference; fileEncoding = 4; lastKnownFileType = sourcecode.c.h; path = "Library-Prefix.pch"; sourceTree = "<group>"; };
		B85980E51CCA6A4500269FB3 /* book_front_cover.png */ = {isa = PBXFileReference; lastKnownFileType = image.png; path = book_front_cover.png; sourceTree = "<group>"; };
		B85981071CCA73E400269FB3 /* icon.png */ = {isa = PBXFileReference; lastKnownFileType = image.png; path = icon.png; sourceTree = "<group>"; };
/* End PBXFileReference section */

/* Begin PBXFrameworksBuildPhase section */
		ADAEC6661B8404DA00C55256 /* Frameworks */ = {
			isa = PBXFrameworksBuildPhase;
			buildActionMask = 2147483647;
			files = (
			);
			runOnlyForDeploymentPostprocessing = 0;
		};
		ADAEC67F1B8404DA00C55256 /* Frameworks */ = {
			isa = PBXFrameworksBuildPhase;
			buildActionMask = 2147483647;
			files = (
			);
			runOnlyForDeploymentPostprocessing = 0;
		};
/* End PBXFrameworksBuildPhase section */

/* Begin PBXGroup section */
		ADAEC6601B8404DA00C55256 = {
			isa = PBXGroup;
			children = (
				ADAEC66B1B8404DA00C55256 /* LabLibrary */,
				ADAEC6851B8404DA00C55256 /* LabLibraryTests */,
				ADAEC66A1B8404DA00C55256 /* Products */,
			);
			sourceTree = "<group>";
		};
		ADAEC66A1B8404DA00C55256 /* Products */ = {
			isa = PBXGroup;
			children = (
				ADAEC6691B8404DA00C55256 /* Cloudox.app */,
				ADAEC6821B8404DA00C55256 /* LabLibraryTests.xctest */,
			);
			name = Products;
			sourceTree = "<group>";
		};
		ADAEC66B1B8404DA00C55256 /* LabLibrary */ = {
			isa = PBXGroup;
			children = (
				ADAEC6701B8404DA00C55256 /* AppDelegate.h */,
				ADAEC6711B8404DA00C55256 /* AppDelegate.m */,
				ADAEC6731B8404DA00C55256 /* ViewController.h */,
				ADAEC6741B8404DA00C55256 /* ViewController.m */,
				ADCED4B91B8460D600AC6389 /* DetailViewController.h */,
				ADCED4BA1B8460D600AC6389 /* DetailViewController.m */,
				AD6EC62E1BA7065400C9FF5A /* ScanViewController.h */,
				AD6EC62F1BA7065400C9FF5A /* ScanViewController.m */,
				ADAEC6761B8404DA00C55256 /* Main.storyboard */,
				ADAEC6791B8404DA00C55256 /* Images.xcassets */,
				ADAEC67B1B8404DA00C55256 /* LaunchScreen.xib */,
				ADAEC66C1B8404DA00C55256 /* Supporting Files */,
			);
			path = LabLibrary;
			sourceTree = "<group>";
		};
		ADAEC66C1B8404DA00C55256 /* Supporting Files */ = {
			isa = PBXGroup;
			children = (
				B85980E41CCA65F600269FB3 /* Library-Prefix.pch */,
				B85981071CCA73E400269FB3 /* icon.png */,
				AD6EC6311BA707BB00C9FF5A /* pick_bg@2x.png */,
				AD6EC6331BA707C000C9FF5A /* line@2x.png */,
				B85980E51CCA6A4500269FB3 /* book_front_cover.png */,
				ADAEC66D1B8404DA00C55256 /* Info.plist */,
				ADAEC6921B84055600C55256 /* Books.plist */,
				ADAEC66E1B8404DA00C55256 /* main.m */,
			);
			name = "Supporting Files";
			sourceTree = "<group>";
		};
		ADAEC6851B8404DA00C55256 /* LabLibraryTests */ = {
			isa = PBXGroup;
			children = (
				ADAEC6881B8404DC00C55256 /* LabLibraryTests.m */,
				ADAEC6861B8404DC00C55256 /* Supporting Files */,
			);
			path = LabLibraryTests;
			sourceTree = "<group>";
		};
		ADAEC6861B8404DC00C55256 /* Supporting Files */ = {
			isa = PBXGroup;
			children = (
				ADAEC6871B8404DC00C55256 /* Info.plist */,
			);
			name = "Supporting Files";
			sourceTree = "<group>";
		};
/* End PBXGroup section */

/* Begin PBXNativeTarget section */
		ADAEC6681B8404DA00C55256 /* LabLibrary */ = {
			isa = PBXNativeTarget;
			buildConfigurationList = ADAEC68C1B8404DC00C55256 /* Build configuration list for PBXNativeTarget "LabLibrary" */;
			buildPhases = (
				ADAEC6651B8404DA00C55256 /* Sources */,
				ADAEC6661B8404DA00C55256 /* Frameworks */,
				ADAEC6671B8404DA00C55256 /* Resources */,
			);
			buildRules = (
			);
			dependencies = (
			);
			name = LabLibrary;
			productName = LabLibrary;
			productReference = ADAEC6691B8404DA00C55256 /* Cloudox.app */;
			productType = "com.apple.product-type.application";
		};
		ADAEC6811B8404DA00C55256 /* LabLibraryTests */ = {
			isa = PBXNativeTarget;
			buildConfigurationList = ADAEC68F1B8404DC00C55256 /* Build configuration list for PBXNativeTarget "LabLibraryTests" */;
			buildPhases = (
				ADAEC67E1B8404DA00C55256 /* Sources */,
				ADAEC67F1B8404DA00C55256 /* Frameworks */,
				ADAEC6801B8404DA00C55256 /* Resources */,
			);
			buildRules = (
			);
			dependencies = (
				ADAEC6841B8404DA00C55256 /* PBXTargetDependency */,
			);
			name = LabLibraryTests;
			productName = LabLibraryTests;
			productReference = ADAEC6821B8404DA00C55256 /* LabLibraryTests.xctest */;
			productType = "com.apple.product-type.bundle.unit-test";
		};
/* End PBXNativeTarget section */

/* Begin PBXProject section */
		ADAEC6611B8404DA00C55256 /* Project object */ = {
			isa = PBXProject;
			attributes = {
				LastUpgradeCheck = 0640;
				ORGANIZATIONNAME = Cloudox;
				TargetAttributes = {
					ADAEC6681B8404DA00C55256 = {
						CreatedOnToolsVersion = 6.4;
						DevelopmentTeam = 7MF43XA67A;
					};
					ADAEC6811B8404DA00C55256 = {
						CreatedOnToolsVersion = 6.4;
						DevelopmentTeam = F7Y8VJ7G23;
						TestTargetID = ADAEC6681B8404DA00C55256;
					};
				};
			};
			buildConfigurationList = ADAEC6641B8404DA00C55256 /* Build configuration list for PBXProject "LabLibrary" */;
			compatibilityVersion = "Xcode 3.2";
			developmentRegion = English;
			hasScannedForEncodings = 0;
			knownRegions = (
				en,
				Base,
			);
			mainGroup = ADAEC6601B8404DA00C55256;
			productRefGroup = ADAEC66A1B8404DA00C55256 /* Products */;
			projectDirPath = "";
			projectRoot = "";
			targets = (
				ADAEC6681B8404DA00C55256 /* LabLibrary */,
				ADAEC6811B8404DA00C55256 /* LabLibraryTests */,
			);
		};
/* End PBXProject section */

/* Begin PBXResourcesBuildPhase section */
		ADAEC6671B8404DA00C55256 /* Resources */ = {
			isa = PBXResourcesBuildPhase;
			buildActionMask = 2147483647;
			files = (
				B85980E61CCA6A4500269FB3 /* book_front_cover.png in Resources */,
				AD6EC6341BA707C000C9FF5A /* line@2x.png in Resources */,
				ADAEC6781B8404DA00C55256 /* Main.storyboard in Resources */,
				ADAEC67D1B8404DA00C55256 /* LaunchScreen.xib in Resources */,
				B85981081CCA73E400269FB3 /* icon.png in Resources */,
				ADAEC6931B84055600C55256 /* Books.plist in Resources */,
				AD6EC6321BA707BB00C9FF5A /* pick_bg@2x.png in Resources */,
				ADAEC67A1B8404DA00C55256 /* Images.xcassets in Resources */,
			);
			runOnlyForDeploymentPostprocessing = 0;
		};
		ADAEC6801B8404DA00C55256 /* Resources */ = {
			isa = PBXResourcesBuildPhase;
			buildActionMask = 2147483647;
			files = (
			);
			runOnlyForDeploymentPostprocessing = 0;
		};
/* End PBXResourcesBuildPhase section */

/* Begin PBXSourcesBuildPhase section */
		ADAEC6651B8404DA00C55256 /* Sources */ = {
			isa = PBXSourcesBuildPhase;
			buildActionMask = 2147483647;
			files = (
				ADAEC6751B8404DA00C55256 /* ViewController.m in Sources */,
				AD6EC6301BA7065400C9FF5A /* ScanViewController.m in Sources */,
				ADAEC6721B8404DA00C55256 /* AppDelegate.m in Sources */,
				ADAEC66F1B8404DA00C55256 /* main.m in Sources */,
				ADCED4BB1B8460D600AC6389 /* DetailViewController.m in Sources */,
			);
			runOnlyForDeploymentPostprocessing = 0;
		};
		ADAEC67E1B8404DA00C55256 /* Sources */ = {
			isa = PBXSourcesBuildPhase;
			buildActionMask = 2147483647;
			files = (
				ADAEC6891B8404DC00C55256 /* LabLibraryTests.m in Sources */,
			);
			runOnlyForDeploymentPostprocessing = 0;
		};
/* End PBXSourcesBuildPhase section */

/* Begin PBXTargetDependency section */
		ADAEC6841B8404DA00C55256 /* PBXTargetDependency */ = {
			isa = PBXTargetDependency;
			target = ADAEC6681B8404DA00C55256 /* LabLibrary */;
			targetProxy = ADAEC6831B8404DA00C55256 /* PBXContainerItemProxy */;
		};
/* End PBXTargetDependency section */

/* Begin PBXVariantGroup section */
		ADAEC6761B8404DA00C55256 /* Main.storyboard */ = {
			isa = PBXVariantGroup;
			children = (
				ADAEC6771B8404DA00C55256 /* Base */,
			);
			name = Main.storyboard;
			sourceTree = "<group>";
		};
		ADAEC67B1B8404DA00C55256 /* LaunchScreen.xib */ = {
			isa = PBXVariantGroup;
			children = (
				ADAEC67C1B8404DA00C55256 /* Base */,
			);
			name = LaunchScreen.xib;
			sourceTree = "<group>";
		};
/* End PBXVariantGroup section */

/* Begin XCBuildConfiguration section */
		ADAEC68A1B8404DC00C55256 /* Debug */ = {
			isa = XCBuildConfiguration;
			buildSettings = {
				ALWAYS_SEARCH_USER_PATHS = NO;
				CLANG_CXX_LANGUAGE_STANDARD = "gnu++0x";
				CLANG_CXX_LIBRARY = "libc++";
				CLANG_ENABLE_MODULES = YES;
				CLANG_ENABLE_OBJC_ARC = YES;
				CLANG_WARN_BOOL_CONVERSION = YES;
				CLANG_WARN_CONSTANT_CONVERSION = YES;
				CLANG_WARN_DIRECT_OBJC_ISA_USAGE = YES_ERROR;
				CLANG_WARN_EMPTY_BODY = YES;
				CLANG_WARN_ENUM_CONVERSION = YES;
				CLANG_WARN_INT_CONVERSION = YES;
				CLANG_WARN_OBJC_ROOT_CLASS = YES_ERROR;
				CLANG_WARN_UNREACHABLE_CODE = YES;
				CLANG_WARN__DUPLICATE_METHOD_MATCH = YES;
				CODE_SIGN_IDENTITY = "iPhone Developer: Yuming Wang (KF352WDKT3)";
				"CODE_SIGN_IDENTITY[sdk=iphoneos*]" = "iPhone Developer";
				COPY_PHASE_STRIP = NO;
				DEBUG_INFORMATION_FORMAT = "dwarf-with-dsym";
				ENABLE_STRICT_OBJC_MSGSEND = YES;
				GCC_C_LANGUAGE_STANDARD = gnu99;
				GCC_DYNAMIC_NO_PIC = NO;
				GCC_NO_COMMON_BLOCKS = YES;
				GCC_OPTIMIZATION_LEVEL = 0;
				GCC_PREPROCESSOR_DEFINITIONS = (
					"DEBUG=1",
					"$(inherited)",
				);
				GCC_SYMBOLS_PRIVATE_EXTERN = NO;
				GCC_WARN_64_TO_32_BIT_CONVERSION = YES;
				GCC_WARN_ABOUT_RETURN_TYPE = YES_ERROR;
				GCC_WARN_UNDECLARED_SELECTOR = YES;
				GCC_WARN_UNINITIALIZED_AUTOS = YES_AGGRESSIVE;
				GCC_WARN_UNUSED_FUNCTION = YES;
				GCC_WARN_UNUSED_VARIABLE = YES;
				IPHONEOS_DEPLOYMENT_TARGET = 8.4;
				MTL_ENABLE_DEBUG_INFO = YES;
				ONLY_ACTIVE_ARCH = YES;
				PROVISIONING_PROFILE = "f7c247db-8c84-45bd-82f7-66f6a9638d17";
				SDKROOT = iphoneos;
			};
			name = Debug;
		};
		ADAEC68B1B8404DC00C55256 /* Release */ = {
			isa = XCBuildConfiguration;
			buildSettings = {
				ALWAYS_SEARCH_USER_PATHS = NO;
				CLANG_CXX_LANGUAGE_STANDARD = "gnu++0x";
				CLANG_CXX_LIBRARY = "libc++";
				CLANG_ENABLE_MODULES = YES;
				CLANG_ENABLE_OBJC_ARC = YES;
				CLANG_WARN_BOOL_CONVERSION = YES;
				CLANG_WARN_CONSTANT_CONVERSION = YES;
				CLANG_WARN_DIRECT_OBJC_ISA_USAGE = YES_ERROR;
				CLANG_WARN_EMPTY_BODY = YES;
				CLANG_WARN_ENUM_CONVERSION = YES;
				CLANG_WARN_INT_CONVERSION = YES;
				CLANG_WARN_OBJC_ROOT_CLASS = YES_ERROR;
				CLANG_WARN_UNREACHABLE_CODE = YES;
				CLANG_WARN__DUPLICATE_METHOD_MATCH = YES;
				CODE_SIGN_IDENTITY = "iPhone Developer: Yuming Wang (KF352WDKT3)";
				"CODE_SIGN_IDENTITY[sdk=iphoneos*]" = "iPhone Developer";
				COPY_PHASE_STRIP = NO;
				DEBUG_INFORMATION_FORMAT = "dwarf-with-dsym";
				ENABLE_NS_ASSERTIONS = NO;
				ENABLE_STRICT_OBJC_MSGSEND = YES;
				GCC_C_LANGUAGE_STANDARD = gnu99;
				GCC_NO_COMMON_BLOCKS = YES;
				GCC_WARN_64_TO_32_BIT_CONVERSION = YES;
				GCC_WARN_ABOUT_RETURN_TYPE = YES_ERROR;
				GCC_WARN_UNDECLARED_SELECTOR = YES;
				GCC_WARN_UNINITIALIZED_AUTOS = YES_AGGRESSIVE;
				GCC_WARN_UNUSED_FUNCTION = YES;
				GCC_WARN_UNUSED_VARIABLE = YES;
				IPHONEOS_DEPLOYMENT_TARGET = 8.4;
				MTL_ENABLE_DEBUG_INFO = NO;
				PROVISIONING_PROFILE = "f7c247db-8c84-45bd-82f7-66f6a9638d17";
				SDKROOT = iphoneos;
				VALIDATE_PRODUCT = YES;
			};
			name = Release;
		};
		ADAEC68D1B8404DC00C55256 /* Debug */ = {
			isa = XCBuildConfiguration;
			buildSettings = {
				ASSETCATALOG_COMPILER_APPICON_NAME = AppIcon;
				CODE_SIGN_IDENTITY = "iPhone Developer";
				"CODE_SIGN_IDENTITY[sdk=iphoneos*]" = "iPhone Developer";
				GCC_PRECOMPILE_PREFIX_HEADER = YES;
				GCC_PREFIX_HEADER = "$(SRCROOT)/LabLibrary/Library-Prefix.pch";
				INFOPLIST_FILE = LabLibrary/Info.plist;
				IPHONEOS_DEPLOYMENT_TARGET = 7.0;
				LD_RUNPATH_SEARCH_PATHS = "$(inherited) @executable_path/Frameworks";
				PRODUCT_NAME = Cloudox;
				PROVISIONING_PROFILE = "";
			};
			name = Debug;
		};
		ADAEC68E1B8404DC00C55256 /* Release */ = {
			isa = XCBuildConfiguration;
			buildSettings = {
				ASSETCATALOG_COMPILER_APPICON_NAME = AppIcon;
				CODE_SIGN_IDENTITY = "iPhone Developer";
				"CODE_SIGN_IDENTITY[sdk=iphoneos*]" = "iPhone Developer";
				GCC_PRECOMPILE_PREFIX_HEADER = YES;
				GCC_PREFIX_HEADER = "$(SRCROOT)/LabLibrary/Library-Prefix.pch";
				INFOPLIST_FILE = LabLibrary/Info.plist;
				IPHONEOS_DEPLOYMENT_TARGET = 7.0;
				LD_RUNPATH_SEARCH_PATHS = "$(inherited) @executable_path/Frameworks";
				PRODUCT_NAME = Cloudox;
				PROVISIONING_PROFILE = "";
			};
			name = Release;
		};
		ADAEC6901B8404DC00C55256 /* Debug */ = {
			isa = XCBuildConfiguration;
			buildSettings = {
				BUNDLE_LOADER = "$(TEST_HOST)";
				CODE_SIGN_IDENTITY = "iPhone Developer";
				"CODE_SIGN_IDENTITY[sdk=iphoneos*]" = "iPhone Developer";
				FRAMEWORK_SEARCH_PATHS = (
					"$(SDKROOT)/Developer/Library/Frameworks",
					"$(inherited)",
				);
				GCC_PREPROCESSOR_DEFINITIONS = (
					"DEBUG=1",
					"$(inherited)",
				);
				INFOPLIST_FILE = LabLibraryTests/Info.plist;
				LD_RUNPATH_SEARCH_PATHS = "$(inherited) @executable_path/Frameworks @loader_path/Frameworks";
				PRODUCT_NAME = "$(TARGET_NAME)";
				PROVISIONING_PROFILE = "";
				TEST_HOST = "$(BUILT_PRODUCTS_DIR)/LabLibrary.app/LabLibrary";
			};
			name = Debug;
		};
		ADAEC6911B8404DC00C55256 /* Release */ = {
			isa = XCBuildConfiguration;
			buildSettings = {
				BUNDLE_LOADER = "$(TEST_HOST)";
				CODE_SIGN_IDENTITY = "iPhone Developer";
				"CODE_SIGN_IDENTITY[sdk=iphoneos*]" = "iPhone Developer";
				FRAMEWORK_SEARCH_PATHS = (
					"$(SDKROOT)/Developer/Library/Frameworks",
					"$(inherited)",
				);
				INFOPLIST_FILE = LabLibraryTests/Info.plist;
				LD_RUNPATH_SEARCH_PATHS = "$(inherited) @executable_path/Frameworks @loader_path/Frameworks";
				PRODUCT_NAME = "$(TARGET_NAME)";
				PROVISIONING_PROFILE = "";
				TEST_HOST = "$(BUILT_PRODUCTS_DIR)/LabLibrary.app/LabLibrary";
			};
			name = Release;
		};
/* End XCBuildConfiguration section */

/* Begin XCConfigurationList section */
		ADAEC6641B8404DA00C55256 /* Build configuration list for PBXProject "LabLibrary" */ = {
			isa = XCConfigurationList;
			buildConfigurations = (
				ADAEC68A1B8404DC00C55256 /* Debug */,
				ADAEC68B1B8404DC00C55256 /* Release */,
			);
			defaultConfigurationIsVisible = 0;
			defaultConfigurationName = Release;
		};
		ADAEC68C1B8404DC00C55256 /* Build configuration list for PBXNativeTarget "LabLibrary" */ = {
			isa = XCConfigurationList;
			buildConfigurations = (
				ADAEC68D1B8404DC00C55256 /* Debug */,
				ADAEC68E1B8404DC00C55256 /* Release */,
			);
			defaultConfigurationIsVisible = 0;
			defaultConfigurationName = Release;
		};
		ADAEC68F1B8404DC00C55256 /* Build configuration list for PBXNativeTarget "LabLibraryTests" */ = {
			isa = XCConfigurationList;
			buildConfigurations = (
				ADAEC6901B8404DC00C55256 /* Debug */,
				ADAEC6911B8404DC00C55256 /* Release */,
			);
			defaultConfigurationIsVisible = 0;
			defaultConfigurationName = Release;
		};
/* End XCConfigurationList section */
	};
	rootObject = ADAEC6611B8404DA00C55256 /* Project object */;
}
